
Microsoft Visual Studio Solution File, Format Version 12.00
# Visual Studio Version 17
VisualStudioVersion = 17.14.36212.18
MinimumVisualStudioVersion = 10.0.40219.1
Project("{FAE04EC0-301F-11D3-BF4B-00C04F79EFBC}") = "CrudApp", "CrudApp\CrudApp.csproj", "{22CC4529-63B8-4908-994A-F6D519621F87}"
EndProject
Global
	GlobalSection(SolutionConfigurationPlatforms) = preSolution
		Debug|Any CPU = Debug|Any CPU
		Release|Any CPU = Release|Any CPU
	EndGlobalSection
	GlobalSection(ProjectConfigurationPlatforms) = postSolution
		{22CC4529-63B8-4908-994A-F6D519621F87}.Debug|Any CPU.ActiveCfg = Debug|Any CPU
		{22CC4529-63B8-4908-994A-F6D519621F87}.Debug|Any CPU.Build.0 = Debug|Any CPU
		{22CC4529-63B8-4908-994A-F6D519621F87}.Release|Any CPU.ActiveCfg = Release|Any CPU
		{22CC4529-63B8-4908-994A-F6D519621F87}.Release|Any CPU.Build.0 = Release|Any CPU
	EndGlobalSection
	GlobalSection(SolutionProperties) = preSolution
		HideSolutionNode = FALSE
	EndGlobalSection
	GlobalSection(ExtensibilityGlobals) = postSolution
		SolutionGuid = {1A303CC0-139F-48BA-A614-1CE8474A477C}
	EndGlobalSection
EndGlobal
